
Microsoft Visual Studio Solution File, Format Version 12.00
# Visual Studio Version 17
VisualStudioVersion = 17.7.34009.444
MinimumVisualStudioVersion = 10.0.40219.1
Project("{9A19103F-16F7-4668-BE54-9A1E7A4F7556}") = "BulkinaAnnaKT-31-20", "BulkinaAnnaKT-31-20\BulkinaAnnaKT-31-20.csproj", "{5F34EFDA-2D82-4315-B726-B881F7164B0F}"
EndProject
Project("{FAE04EC0-301F-11D3-BF4B-00C04F79EFBC}") = "BulkinaAnnaKT-31-20.Tests", "BulkinaAnnaKT-31-20.Tests\BulkinaAnnaKT-31-20.Tests.csproj", "{D4B2074C-684E-479C-8E51-7B2F4C56AAB4}"
EndProject
Global
	GlobalSection(SolutionConfigurationPlatforms) = preSolution
		Debug|Any CPU = Debug|Any CPU
		Release|Any CPU = Release|Any CPU
	EndGlobalSection
	GlobalSection(ProjectConfigurationPlatforms) = postSolution
		{5F34EFDA-2D82-4315-B726-B881F7164B0F}.Debug|Any CPU.ActiveCfg = Debug|Any CPU
		{5F34EFDA-2D82-4315-B726-B881F7164B0F}.Debug|Any CPU.Build.0 = Debug|Any CPU
		{5F34EFDA-2D82-4315-B726-B881F7164B0F}.Release|Any CPU.ActiveCfg = Release|Any CPU
		{5F34EFDA-2D82-4315-B726-B881F7164B0F}.Release|Any CPU.Build.0 = Release|Any CPU
		{D4B2074C-684E-479C-8E51-7B2F4C56AAB4}.Debug|Any CPU.ActiveCfg = Debug|Any CPU
		{D4B2074C-684E-479C-8E51-7B2F4C56AAB4}.Debug|Any CPU.Build.0 = Debug|Any CPU
		{D4B2074C-684E-479C-8E51-7B2F4C56AAB4}.Release|Any CPU.ActiveCfg = Release|Any CPU
		{D4B2074C-684E-479C-8E51-7B2F4C56AAB4}.Release|Any CPU.Build.0 = Release|Any CPU
	EndGlobalSection
	GlobalSection(SolutionProperties) = preSolution
		HideSolutionNode = FALSE
	EndGlobalSection
	GlobalSection(ExtensibilityGlobals) = postSolution
		SolutionGuid = {76834921-294C-4FD6-85E1-27909880A509}
	EndGlobalSection
EndGlobal
